
Microsoft Visual Studio Solution File, Format Version 12.00
# Visual Studio Version 16
VisualStudioVersion = 16.0.30804.86
MinimumVisualStudioVersion = 10.0.40219.1
Project("{FAE04EC0-301F-11D3-BF4B-00C04F79EFBC}") = "LearningRazorWebApp", "LearningRazorWebApp\LearningRazorWebApp.csproj", "{B61F983C-224D-4DFB-A71A-A9AAF9976BB3}"
EndProject
Global
	GlobalSection(SolutionConfigurationPlatforms) = preSolution
		Debug|Any CPU = Debug|Any CPU
		Release|Any CPU = Release|Any CPU
	EndGlobalSection
	GlobalSection(ProjectConfigurationPlatforms) = postSolution
		{B61F983C-224D-4DFB-A71A-A9AAF9976BB3}.Debug|Any CPU.ActiveCfg = Debug|Any CPU
		{B61F983C-224D-4DFB-A71A-A9AAF9976BB3}.Debug|Any CPU.Build.0 = Debug|Any CPU
		{B61F983C-224D-4DFB-A71A-A9AAF9976BB3}.Release|Any CPU.ActiveCfg = Release|Any CPU
		{B61F983C-224D-4DFB-A71A-A9AAF9976BB3}.Release|Any CPU.Build.0 = Release|Any CPU
	EndGlobalSection
	GlobalSection(SolutionProperties) = preSolution
		HideSolutionNode = FALSE
	EndGlobalSection
	GlobalSection(ExtensibilityGlobals) = postSolution
		SolutionGuid = {65853FFC-BCD4-4601-944C-AA60D9332879}
	EndGlobalSection
EndGlobal
